{
  "nodes": {
    "devenv": {
      "locked": {
        "dir": "src/modules",
        "lastModified": 1784295025,
        "narHash": "sha256-BcLx1u46dS81qO3Vpm6xqebbtWKDcBcPeQtD3ClEmkY=",
        "owner": "cachix",
        "repo": "devenv",
        "rev": "46adb0ff57f6ec39b80497cc01ed261a699b3eac",
        "type": "github"
      },
      "original": {
        "dir": "src/modules",
        "owner": "cachix",
        "repo": "devenv",
        "type": "github"
      }
    },
    "nixpkgs": {
      "inputs": {
        "nixpkgs-src": "nixpkgs-src"
      },
      "locked": {
        "lastModified": 1783345554,
        "narHash": "sha256-LZhOm4kqjHUnwP4CNHpaqqEVcumGNd1PvOEOad8LkS0=",
        "owner": "cachix",
        "repo": "devenv-nixpkgs",
        "rev": "6004ea8c229fe9d41b21c6f4c76bf6c2e10771dd",
        "type": "github"
      },
      "original": {
        "owner": "cachix",
        "ref": "rolling",
        "repo": "devenv-nixpkgs",
        "type": "github"
      }
    },
    "nixpkgs-src": {
      "flake": false,
      "locked": {
        "lastModified": 1783279667,
        "narHash": "sha256-/NAkDSsve+GNM0Bt6tleJdCGfsTlK89nPjkVOzZMo0s=",
        "owner": "NixOS",
        "repo": "nixpkgs",
        "rev": "f205b5574fd0cb7da5b702a2da51507b7f4fdd1b",
        "type": "github"
      },
      "original": {
        "owner": "NixOS",
        "ref": "nixpkgs-unstable",
        "repo": "nixpkgs",
        "type": "github"
      }
    },
    "nixpkgs-unstable": {
      "locked": {
        "lastModified": 1784210874,
        "narHash": "sha256-x8i+HYAulduMlM63oxWJj5tAm+Sc/W756wUzcV5p24w=",
        "owner": "nixos",
        "repo": "nixpkgs",
        "rev": "59682e0069f0ed0a452e2179a7f4c1f247027b9e",
        "type": "github"
      },
      "original": {
        "owner": "nixos",
        "ref": "nixpkgs-unstable",
        "repo": "nixpkgs",
        "type": "github"
      }
    },
    "root": {
      "inputs": {
        "devenv": "devenv",
        "nixpkgs": "nixpkgs",
        "nixpkgs-unstable": "nixpkgs-unstable"
      }
    }
  },
  "root": "root",
  "version": 7
}